// !$*UTF8*$!
{
	archiveVersion = 1;
	classes = {
	};
	objectVersion = 46;
	objects = {

/* Begin PBXBuildFile section */
		4186471A1F84CAFE0005DF26 /* main.cpp in Sources */ = {isa = PBXBuildFile; fileRef = 418647191F84CAFE0005DF26 /* main.cpp */; };
		41948DFC1F97D44B008FA743 /* test.cpp in Sources */ = {isa = PBXBuildFile; fileRef = 41948DFA1F97D44B008FA743 /* test.cpp */; settings = {ASSET_TAGS = (); }; };
		41948E0A1F981499008FA743 /* StiffnessMatrix.cpp in Sources */ = {isa = PBXBuildFile; fileRef = 41948E081F981499008FA743 /* StiffnessMatrix.cpp */; settings = {ASSET_TAGS = (); }; };
/* End PBXBuildFile section */

/* Begin PBXCopyFilesBuildPhase section */
		418647141F84CAFE0005DF26 /* CopyFiles */ = {
			isa = PBXCopyFilesBuildPhase;
			buildActionMask = 2147483647;
			dstPath = /usr/share/man/man1/;
			dstSubfolderSpec = 0;
			files = (
			);
			runOnlyForDeploymentPostprocessing = 1;
		};
/* End PBXCopyFilesBuildPhase section */

/* Begin PBXFileReference section */
		418647161F84CAFE0005DF26 /* FEM */ = {isa = PBXFileReference; explicitFileType = "compiled.mach-o.executable"; includeInIndex = 0; path = FEM; sourceTree = BUILT_PRODUCTS_DIR; };
		418647191F84CAFE0005DF26 /* main.cpp */ = {isa = PBXFileReference; lastKnownFileType = sourcecode.cpp.cpp; path = main.cpp; sourceTree = "<group>"; };
		41948DFA1F97D44B008FA743 /* test.cpp */ = {isa = PBXFileReference; fileEncoding = 4; lastKnownFileType = sourcecode.cpp.cpp; name = test.cpp; path = FEM/test.cpp; sourceTree = SOURCE_ROOT; };
		41948DFB1F97D44B008FA743 /* test.hpp */ = {isa = PBXFileReference; fileEncoding = 4; lastKnownFileType = sourcecode.cpp.h; path = test.hpp; sourceTree = "<group>"; };
		41948DFD1F97DE7E008FA743 /* build */ = {isa = PBXFileReference; lastKnownFileType = folder; name = build; path = ../build; sourceTree = "<group>"; };
		41948DFE1F97DE7E008FA743 /* dependencies */ = {isa = PBXFileReference; lastKnownFileType = folder; path = dependencies; sourceTree = SOURCE_ROOT; };
		41948E081F981499008FA743 /* StiffnessMatrix.cpp */ = {isa = PBXFileReference; fileEncoding = 4; lastKnownFileType = sourcecode.cpp.cpp; path = StiffnessMatrix.cpp; sourceTree = "<group>"; };
		41948E091F981499008FA743 /* StiffnessMatrix.hpp */ = {isa = PBXFileReference; fileEncoding = 4; lastKnownFileType = sourcecode.cpp.h; path = StiffnessMatrix.hpp; sourceTree = "<group>"; };
/* End PBXFileReference section */

/* Begin PBXFrameworksBuildPhase section */
		418647131F84CAFE0005DF26 /* Frameworks */ = {
			isa = PBXFrameworksBuildPhase;
			buildActionMask = 2147483647;
			files = (
			);
			runOnlyForDeploymentPostprocessing = 0;
		};
/* End PBXFrameworksBuildPhase section */

/* Begin PBXGroup section */
		4186470D1F84CAFE0005DF26 = {
			isa = PBXGroup;
			children = (
				418647181F84CAFE0005DF26 /* FEM */,
				418647171F84CAFE0005DF26 /* Products */,
			);
			sourceTree = "<group>";
		};
		418647171F84CAFE0005DF26 /* Products */ = {
			isa = PBXGroup;
			children = (
				418647161F84CAFE0005DF26 /* FEM */,
			);
			name = Products;
			sourceTree = "<group>";
		};
		418647181F84CAFE0005DF26 /* FEM */ = {
			isa = PBXGroup;
			children = (
				41948E081F981499008FA743 /* StiffnessMatrix.cpp */,
				41948E091F981499008FA743 /* StiffnessMatrix.hpp */,
				41948DFE1F97DE7E008FA743 /* dependencies */,
				41948DFD1F97DE7E008FA743 /* build */,
				418647191F84CAFE0005DF26 /* main.cpp */,
				41948DFA1F97D44B008FA743 /* test.cpp */,
				41948DFB1F97D44B008FA743 /* test.hpp */,
			);
			path = FEM;
			sourceTree = "<group>";
		};
/* End PBXGroup section */

/* Begin PBXNativeTarget section */
		418647151F84CAFE0005DF26 /* FEM */ = {
			isa = PBXNativeTarget;
			buildConfigurationList = 4186471D1F84CAFE0005DF26 /* Build configuration list for PBXNativeTarget "FEM" */;
			buildPhases = (
				418647121F84CAFE0005DF26 /* Sources */,
				418647131F84CAFE0005DF26 /* Frameworks */,
				418647141F84CAFE0005DF26 /* CopyFiles */,
			);
			buildRules = (
			);
			dependencies = (
			);
			name = FEM;
			productName = FEM;
			productReference = 418647161F84CAFE0005DF26 /* FEM */;
			productType = "com.apple.product-type.tool";
		};
/* End PBXNativeTarget section */

/* Begin PBXProject section */
		4186470E1F84CAFE0005DF26 /* Project object */ = {
			isa = PBXProject;
			attributes = {
				LastUpgradeCheck = 0700;
				ORGANIZATIONNAME = "Aidan Hamilton";
				TargetAttributes = {
					418647151F84CAFE0005DF26 = {
						CreatedOnToolsVersion = 7.0.1;
					};
				};
			};
			buildConfigurationList = 418647111F84CAFE0005DF26 /* Build configuration list for PBXProject "FEM" */;
			compatibilityVersion = "Xcode 3.2";
			developmentRegion = English;
			hasScannedForEncodings = 0;
			knownRegions = (
				en,
			);
			mainGroup = 4186470D1F84CAFE0005DF26;
			productRefGroup = 418647171F84CAFE0005DF26 /* Products */;
			projectDirPath = "";
			projectRoot = "";
			targets = (
				418647151F84CAFE0005DF26 /* FEM */,
			);
		};
/* End PBXProject section */

/* Begin PBXSourcesBuildPhase section */
		418647121F84CAFE0005DF26 /* Sources */ = {
			isa = PBXSourcesBuildPhase;
			buildActionMask = 2147483647;
			files = (
				4186471A1F84CAFE0005DF26 /* main.cpp in Sources */,
				41948DFC1F97D44B008FA743 /* test.cpp in Sources */,
				41948E0A1F981499008FA743 /* StiffnessMatrix.cpp in Sources */,
			);
			runOnlyForDeploymentPostprocessing = 0;
		};
/* End PBXSourcesBuildPhase section */

/* Begin XCBuildConfiguration section */
		4186471B1F84CAFE0005DF26 /* Debug */ = {
			isa = XCBuildConfiguration;
			buildSettings = {
				ALWAYS_SEARCH_USER_PATHS = YES;
				CLANG_CXX_LANGUAGE_STANDARD = "gnu++0x";
				CLANG_CXX_LIBRARY = "libc++";
				CLANG_ENABLE_MODULES = YES;
				CLANG_ENABLE_OBJC_ARC = YES;
				CLANG_WARN_BOOL_CONVERSION = YES;
				CLANG_WARN_CONSTANT_CONVERSION = YES;
				CLANG_WARN_DIRECT_OBJC_ISA_USAGE = YES_ERROR;
				CLANG_WARN_EMPTY_BODY = YES;
				CLANG_WARN_ENUM_CONVERSION = YES;
				CLANG_WARN_INT_CONVERSION = YES;
				CLANG_WARN_OBJC_ROOT_CLASS = YES_ERROR;
				CLANG_WARN_UNREACHABLE_CODE = YES;
				CLANG_WARN__DUPLICATE_METHOD_MATCH = YES;
				COPY_PHASE_STRIP = NO;
				DEBUG_INFORMATION_FORMAT = dwarf;
				ENABLE_STRICT_OBJC_MSGSEND = YES;
				ENABLE_TESTABILITY = YES;
				GCC_C_LANGUAGE_STANDARD = gnu99;
				GCC_DYNAMIC_NO_PIC = NO;
				GCC_NO_COMMON_BLOCKS = YES;
				GCC_OPTIMIZATION_LEVEL = 0;
				GCC_PREPROCESSOR_DEFINITIONS = (
					"DEBUG=1",
					"$(inherited)",
				);
				GCC_WARN_64_TO_32_BIT_CONVERSION = YES;
				GCC_WARN_ABOUT_RETURN_TYPE = YES_ERROR;
				GCC_WARN_UNDECLARED_SELECTOR = YES;
				GCC_WARN_UNINITIALIZED_AUTOS = YES_AGGRESSIVE;
				GCC_WARN_UNUSED_FUNCTION = YES;
				GCC_WARN_UNUSED_VARIABLE = YES;
				MACOSX_DEPLOYMENT_TARGET = 10.11;
				MTL_ENABLE_DEBUG_INFO = YES;
				ONLY_ACTIVE_ARCH = YES;
				SDKROOT = macosx;
			};
			name = Debug;
		};
		4186471C1F84CAFE0005DF26 /* Release */ = {
			isa = XCBuildConfiguration;
			buildSettings = {
				ALWAYS_SEARCH_USER_PATHS = YES;
				CLANG_CXX_LANGUAGE_STANDARD = "gnu++0x";
				CLANG_CXX_LIBRARY = "libc++";
				CLANG_ENABLE_MODULES = YES;
				CLANG_ENABLE_OBJC_ARC = YES;
				CLANG_WARN_BOOL_CONVERSION = YES;
				CLANG_WARN_CONSTANT_CONVERSION = YES;
				CLANG_WARN_DIRECT_OBJC_ISA_USAGE = YES_ERROR;
				CLANG_WARN_EMPTY_BODY = YES;
				CLANG_WARN_ENUM_CONVERSION = YES;
				CLANG_WARN_INT_CONVERSION = YES;
				CLANG_WARN_OBJC_ROOT_CLASS = YES_ERROR;
				CLANG_WARN_UNREACHABLE_CODE = YES;
				CLANG_WARN__DUPLICATE_METHOD_MATCH = YES;
				COPY_PHASE_STRIP = NO;
				DEBUG_INFORMATION_FORMAT = "dwarf-with-dsym";
				ENABLE_NS_ASSERTIONS = NO;
				ENABLE_STRICT_OBJC_MSGSEND = YES;
				GCC_C_LANGUAGE_STANDARD = gnu99;
				GCC_NO_COMMON_BLOCKS = YES;
				GCC_WARN_64_TO_32_BIT_CONVERSION = YES;
				GCC_WARN_ABOUT_RETURN_TYPE = YES_ERROR;
				GCC_WARN_UNDECLARED_SELECTOR = YES;
				GCC_WARN_UNINITIALIZED_AUTOS = YES_AGGRESSIVE;
				GCC_WARN_UNUSED_FUNCTION = YES;
				GCC_WARN_UNUSED_VARIABLE = YES;
				MACOSX_DEPLOYMENT_TARGET = 10.11;
				MTL_ENABLE_DEBUG_INFO = NO;
				SDKROOT = macosx;
			};
			name = Release;
		};
		4186471E1F84CAFE0005DF26 /* Debug */ = {
			isa = XCBuildConfiguration;
			buildSettings = {
				ALWAYS_SEARCH_USER_PATHS = YES;
				"HEADER_SEARCH_PATHS[arch=*]" = (
					/usr/local/Cellar/eigen/3.3.4/include/eigen3,
					/Users/AidanHamilton/Desktop/Math_Research/AdvNumericalAnalysis/FEM_Basic/FEM/,
				);
				"LIBRARY_SEARCH_PATHS[arch=*]" = (
					/usr/local/Cellar/eigen/3.3.4/include/eigen3,
					/Users/AidanHamilton/Desktop/Math_Research/AdvNumericalAnalysis/FEM_Basic/FEM/,
				);
				"OTHER_CPLUSPLUSFLAGS[arch=*]" = "$(OTHER_CFLAGS)";
				PRODUCT_NAME = "$(TARGET_NAME)";
			};
			name = Debug;
		};
		4186471F1F84CAFE0005DF26 /* Release */ = {
			isa = XCBuildConfiguration;
			buildSettings = {
				ALWAYS_SEARCH_USER_PATHS = YES;
				HEADER_SEARCH_PATHS = (
					/usr/local/Cellar/eigen/3.3.4/include/eigen3,
					/Users/AidanHamilton/Desktop/Math_Research/AdvNumericalAnalysis/FEM_Basic/FEM/,
				);
				"HEADER_SEARCH_PATHS[arch=*]" = (
					/usr/local/Cellar/eigen/3.3.4/include/eigen3,
					/Users/AidanHamilton/Desktop/Math_Research/AdvNumericalAnalysis/FEM_Basic/FEM/,
				);
				"LIBRARY_SEARCH_PATHS[arch=*]" = (
					/Users/AidanHamilton/Desktop/Math_Research/AdvNumericalAnalysis/FEM_Basic/FEM/,
					/usr/local/Cellar/eigen/3.3.4/include/eigen3,
				);
				PRODUCT_NAME = "$(TARGET_NAME)";
			};
			name = Release;
		};
/* End XCBuildConfiguration section */

/* Begin XCConfigurationList section */
		418647111F84CAFE0005DF26 /* Build configuration list for PBXProject "FEM" */ = {
			isa = XCConfigurationList;
			buildConfigurations = (
				4186471B1F84CAFE0005DF26 /* Debug */,
				4186471C1F84CAFE0005DF26 /* Release */,
			);
			defaultConfigurationIsVisible = 0;
			defaultConfigurationName = Release;
		};
		4186471D1F84CAFE0005DF26 /* Build configuration list for PBXNativeTarget "FEM" */ = {
			isa = XCConfigurationList;
			buildConfigurations = (
				4186471E1F84CAFE0005DF26 /* Debug */,
				4186471F1F84CAFE0005DF26 /* Release */,
			);
			defaultConfigurationIsVisible = 0;
			defaultConfigurationName = Release;
		};
/* End XCConfigurationList section */
	};
	rootObject = 4186470E1F84CAFE0005DF26 /* Project object */;
}
